// !$*UTF8*$!
{
	archiveVersion = 1;
	classes = {
	};
	objectVersion = 55;
	objects = {

/* Begin PBXBuildFile section */
		4C702F65287E928800076BF0 /* AppDelegate.swift in Sources */ = {isa = PBXBuildFile; fileRef = 4C702F64287E928800076BF0 /* AppDelegate.swift */; };
		4C702F67287E928800076BF0 /* SceneDelegate.swift in Sources */ = {isa = PBXBuildFile; fileRef = 4C702F66287E928800076BF0 /* SceneDelegate.swift */; };
		4C702F6F287E928800076BF0 /* NewsApp.xcdatamodeld in Sources */ = {isa = PBXBuildFile; fileRef = 4C702F6D287E928800076BF0 /* NewsApp.xcdatamodeld */; };
		4C702F71287E928900076BF0 /* Assets.xcassets in Resources */ = {isa = PBXBuildFile; fileRef = 4C702F70287E928900076BF0 /* Assets.xcassets */; };
		4C702F74287E928900076BF0 /* LaunchScreen.storyboard in Resources */ = {isa = PBXBuildFile; fileRef = 4C702F72287E928900076BF0 /* LaunchScreen.storyboard */; };
		4C702F92287F07FF00076BF0 /* NewsListingLocalDataManager.swift in Sources */ = {isa = PBXBuildFile; fileRef = 4C702F89287F07FF00076BF0 /* NewsListingLocalDataManager.swift */; };
		4C702F93287F07FF00076BF0 /* NewsListingAPIDataManager.swift in Sources */ = {isa = PBXBuildFile; fileRef = 4C702F8A287F07FF00076BF0 /* NewsListingAPIDataManager.swift */; };
		4C702F94287F07FF00076BF0 /* NewsListingViewModel.swift in Sources */ = {isa = PBXBuildFile; fileRef = 4C702F8C287F07FF00076BF0 /* NewsListingViewModel.swift */; };
		4C702F95287F07FF00076BF0 /* NewsListingDependency.swift in Sources */ = {isa = PBXBuildFile; fileRef = 4C702F8E287F07FF00076BF0 /* NewsListingDependency.swift */; };
		4C702F96287F07FF00076BF0 /* NewsListingVC.swift in Sources */ = {isa = PBXBuildFile; fileRef = 4C702F90287F07FF00076BF0 /* NewsListingVC.swift */; };
		4C702F97287F07FF00076BF0 /* NewsListing.storyboard in Resources */ = {isa = PBXBuildFile; fileRef = 4C702F91287F07FF00076BF0 /* NewsListing.storyboard */; };
		4C702FAB287F082C00076BF0 /* NewsDetailsDependency.swift in Sources */ = {isa = PBXBuildFile; fileRef = 4C702FA2287F082C00076BF0 /* NewsDetailsDependency.swift */; };
		4C702FAC287F082C00076BF0 /* NewsDetailsViewModel.swift in Sources */ = {isa = PBXBuildFile; fileRef = 4C702FA4287F082C00076BF0 /* NewsDetailsViewModel.swift */; };
		4C702FAD287F082C00076BF0 /* NewsDetails.storyboard in Resources */ = {isa = PBXBuildFile; fileRef = 4C702FA6287F082C00076BF0 /* NewsDetails.storyboard */; };
		4C702FAE287F082C00076BF0 /* NewsDetailsVC.swift in Sources */ = {isa = PBXBuildFile; fileRef = 4C702FA7287F082C00076BF0 /* NewsDetailsVC.swift */; };
		4C702FAF287F082C00076BF0 /* NewsDetailsLocalDataManager.swift in Sources */ = {isa = PBXBuildFile; fileRef = 4C702FA9287F082C00076BF0 /* NewsDetailsLocalDataManager.swift */; };
		4C702FB0287F082C00076BF0 /* NewsDetailsAPIDataManager.swift in Sources */ = {isa = PBXBuildFile; fileRef = 4C702FAA287F082C00076BF0 /* NewsDetailsAPIDataManager.swift */; };
		4C702FB2287F099800076BF0 /* DatabaseManager.swift in Sources */ = {isa = PBXBuildFile; fileRef = 4C702FB1287F099800076BF0 /* DatabaseManager.swift */; };
		4C702FB4287F0BDC00076BF0 /* APIManager.swift in Sources */ = {isa = PBXBuildFile; fileRef = 4C702FB3287F0BDB00076BF0 /* APIManager.swift */; };
		4C702FB8287F0EBC00076BF0 /* SourceData.swift in Sources */ = {isa = PBXBuildFile; fileRef = 4C702FB5287F0EBC00076BF0 /* SourceData.swift */; };
		4C702FB9287F0EBC00076BF0 /* NewsArticleData.swift in Sources */ = {isa = PBXBuildFile; fileRef = 4C702FB6287F0EBC00076BF0 /* NewsArticleData.swift */; };
		4C702FBA287F0EBC00076BF0 /* APIResponse.swift in Sources */ = {isa = PBXBuildFile; fileRef = 4C702FB7287F0EBC00076BF0 /* APIResponse.swift */; };
		4C702FBF287F16EF00076BF0 /* NewsTVC.swift in Sources */ = {isa = PBXBuildFile; fileRef = 4C702FBE287F16EF00076BF0 /* NewsTVC.swift */; };
		4C702FC1287F223B00076BF0 /* UIViewHelper.swift in Sources */ = {isa = PBXBuildFile; fileRef = 4C702FC0287F223B00076BF0 /* UIViewHelper.swift */; };
		4C702FC3287F2D5D00076BF0 /* Gradient.swift in Sources */ = {isa = PBXBuildFile; fileRef = 4C702FC2287F2D5D00076BF0 /* Gradient.swift */; };
		4C702FC6287F311A00076BF0 /* SDWebImage in Frameworks */ = {isa = PBXBuildFile; productRef = 4C702FC5287F311A00076BF0 /* SDWebImage */; };
/* End PBXBuildFile section */

/* Begin PBXFileReference section */
		4C702F61287E928800076BF0 /* NewsApp.app */ = {isa = PBXFileReference; explicitFileType = wrapper.application; includeInIndex = 0; path = NewsApp.app; sourceTree = BUILT_PRODUCTS_DIR; };
		4C702F64287E928800076BF0 /* AppDelegate.swift */ = {isa = PBXFileReference; lastKnownFileType = sourcecode.swift; path = AppDelegate.swift; sourceTree = "<group>"; };
		4C702F66287E928800076BF0 /* SceneDelegate.swift */ = {isa = PBXFileReference; lastKnownFileType = sourcecode.swift; path = SceneDelegate.swift; sourceTree = "<group>"; };
		4C702F6E287E928800076BF0 /* NewsApp.xcdatamodel */ = {isa = PBXFileReference; lastKnownFileType = wrapper.xcdatamodel; path = NewsApp.xcdatamodel; sourceTree = "<group>"; };
		4C702F70287E928900076BF0 /* Assets.xcassets */ = {isa = PBXFileReference; lastKnownFileType = folder.assetcatalog; path = Assets.xcassets; sourceTree = "<group>"; };
		4C702F73287E928900076BF0 /* Base */ = {isa = PBXFileReference; lastKnownFileType = file.storyboard; name = Base; path = Base.lproj/LaunchScreen.storyboard; sourceTree = "<group>"; };
		4C702F75287E928900076BF0 /* Info.plist */ = {isa = PBXFileReference; lastKnownFileType = text.plist.xml; path = Info.plist; sourceTree = "<group>"; };
		4C702F89287F07FF00076BF0 /* NewsListingLocalDataManager.swift */ = {isa = PBXFileReference; fileEncoding = 4; lastKnownFileType = sourcecode.swift; path = NewsListingLocalDataManager.swift; sourceTree = "<group>"; };
		4C702F8A287F07FF00076BF0 /* NewsListingAPIDataManager.swift */ = {isa = PBXFileReference; fileEncoding = 4; lastKnownFileType = sourcecode.swift; path = NewsListingAPIDataManager.swift; sourceTree = "<group>"; };
		4C702F8C287F07FF00076BF0 /* NewsListingViewModel.swift */ = {isa = PBXFileReference; fileEncoding = 4; lastKnownFileType = sourcecode.swift; path = NewsListingViewModel.swift; sourceTree = "<group>"; };
		4C702F8E287F07FF00076BF0 /* NewsListingDependency.swift */ = {isa = PBXFileReference; fileEncoding = 4; lastKnownFileType = sourcecode.swift; path = NewsListingDependency.swift; sourceTree = "<group>"; };
		4C702F90287F07FF00076BF0 /* NewsListingVC.swift */ = {isa = PBXFileReference; fileEncoding = 4; lastKnownFileType = sourcecode.swift; path = NewsListingVC.swift; sourceTree = "<group>"; };
		4C702F91287F07FF00076BF0 /* NewsListing.storyboard */ = {isa = PBXFileReference; fileEncoding = 4; lastKnownFileType = file.storyboard; path = NewsListing.storyboard; sourceTree = "<group>"; };
		4C702FA2287F082C00076BF0 /* NewsDetailsDependency.swift */ = {isa = PBXFileReference; fileEncoding = 4; lastKnownFileType = sourcecode.swift; path = NewsDetailsDependency.swift; sourceTree = "<group>"; };
		4C702FA4287F082C00076BF0 /* NewsDetailsViewModel.swift */ = {isa = PBXFileReference; fileEncoding = 4; lastKnownFileType = sourcecode.swift; path = NewsDetailsViewModel.swift; sourceTree = "<group>"; };
		4C702FA6287F082C00076BF0 /* NewsDetails.storyboard */ = {isa = PBXFileReference; fileEncoding = 4; lastKnownFileType = file.storyboard; path = NewsDetails.storyboard; sourceTree = "<group>"; };
		4C702FA7287F082C00076BF0 /* NewsDetailsVC.swift */ = {isa = PBXFileReference; fileEncoding = 4; lastKnownFileType = sourcecode.swift; path = NewsDetailsVC.swift; sourceTree = "<group>"; };
		4C702FA9287F082C00076BF0 /* NewsDetailsLocalDataManager.swift */ = {isa = PBXFileReference; fileEncoding = 4; lastKnownFileType = sourcecode.swift; path = NewsDetailsLocalDataManager.swift; sourceTree = "<group>"; };
		4C702FAA287F082C00076BF0 /* NewsDetailsAPIDataManager.swift */ = {isa = PBXFileReference; fileEncoding = 4; lastKnownFileType = sourcecode.swift; path = NewsDetailsAPIDataManager.swift; sourceTree = "<group>"; };
		4C702FB1287F099800076BF0 /* DatabaseManager.swift */ = {isa = PBXFileReference; lastKnownFileType = sourcecode.swift; path = DatabaseManager.swift; sourceTree = "<group>"; };
		4C702FB3287F0BDB00076BF0 /* APIManager.swift */ = {isa = PBXFileReference; lastKnownFileType = sourcecode.swift; path = APIManager.swift; sourceTree = "<group>"; };
		4C702FB5287F0EBC00076BF0 /* SourceData.swift */ = {isa = PBXFileReference; fileEncoding = 4; lastKnownFileType = sourcecode.swift; path = SourceData.swift; sourceTree = "<group>"; };
		4C702FB6287F0EBC00076BF0 /* NewsArticleData.swift */ = {isa = PBXFileReference; fileEncoding = 4; lastKnownFileType = sourcecode.swift; path = NewsArticleData.swift; sourceTree = "<group>"; };
		4C702FB7287F0EBC00076BF0 /* APIResponse.swift */ = {isa = PBXFileReference; fileEncoding = 4; lastKnownFileType = sourcecode.swift; path = APIResponse.swift; sourceTree = "<group>"; };
		4C702FBE287F16EF00076BF0 /* NewsTVC.swift */ = {isa = PBXFileReference; lastKnownFileType = sourcecode.swift; path = NewsTVC.swift; sourceTree = "<group>"; };
		4C702FC0287F223B00076BF0 /* UIViewHelper.swift */ = {isa = PBXFileReference; lastKnownFileType = sourcecode.swift; path = UIViewHelper.swift; sourceTree = "<group>"; };
		4C702FC2287F2D5D00076BF0 /* Gradient.swift */ = {isa = PBXFileReference; lastKnownFileType = sourcecode.swift; path = Gradient.swift; sourceTree = "<group>"; };
/* End PBXFileReference section */

/* Begin PBXFrameworksBuildPhase section */
		4C702F5E287E928800076BF0 /* Frameworks */ = {
			isa = PBXFrameworksBuildPhase;
			buildActionMask = 2147483647;
			files = (
				4C702FC6287F311A00076BF0 /* SDWebImage in Frameworks */,
			);
			runOnlyForDeploymentPostprocessing = 0;
		};
/* End PBXFrameworksBuildPhase section */

/* Begin PBXGroup section */
		4C702F58287E928800076BF0 = {
			isa = PBXGroup;
			children = (
				4C702F63287E928800076BF0 /* NewsApp */,
				4C702F62287E928800076BF0 /* Products */,
			);
			sourceTree = "<group>";
		};
		4C702F62287E928800076BF0 /* Products */ = {
			isa = PBXGroup;
			children = (
				4C702F61287E928800076BF0 /* NewsApp.app */,
			);
			name = Products;
			sourceTree = "<group>";
		};
		4C702F63287E928800076BF0 /* NewsApp */ = {
			isa = PBXGroup;
			children = (
				4C702F7E287F076B00076BF0 /* Services */,
				4C702F7D287F074B00076BF0 /* Resources */,
				4C702F7B287F06F800076BF0 /* AppDelegate */,
				4C702F7C287F073100076BF0 /* Modules */,
				4C702F72287E928900076BF0 /* LaunchScreen.storyboard */,
				4C702F75287E928900076BF0 /* Info.plist */,
				4C702F6D287E928800076BF0 /* NewsApp.xcdatamodeld */,
			);
			path = NewsApp;
			sourceTree = "<group>";
		};
		4C702F7B287F06F800076BF0 /* AppDelegate */ = {
			isa = PBXGroup;
			children = (
				4C702F66287E928800076BF0 /* SceneDelegate.swift */,
				4C702F64287E928800076BF0 /* AppDelegate.swift */,
			);
			path = AppDelegate;
			sourceTree = "<group>";
		};
		4C702F7C287F073100076BF0 /* Modules */ = {
			isa = PBXGroup;
			children = (
				4C702F98287F080B00076BF0 /* NewsDetails */,
				4C702F7F287F07D600076BF0 /* NewsListing */,
			);
			path = Modules;
			sourceTree = "<group>";
		};
		4C702F7D287F074B00076BF0 /* Resources */ = {
			isa = PBXGroup;
			children = (
				4C702F70287E928900076BF0 /* Assets.xcassets */,
			);
			path = Resources;
			sourceTree = "<group>";
		};
		4C702F7E287F076B00076BF0 /* Services */ = {
			isa = PBXGroup;
			children = (
				4C702FB1287F099800076BF0 /* DatabaseManager.swift */,
				4C702FB3287F0BDB00076BF0 /* APIManager.swift */,
				4C702FC0287F223B00076BF0 /* UIViewHelper.swift */,
				4C702FC2287F2D5D00076BF0 /* Gradient.swift */,
			);
			path = Services;
			sourceTree = "<group>";
		};
		4C702F7F287F07D600076BF0 /* NewsListing */ = {
			isa = PBXGroup;
			children = (
				4C702FBB287F16C700076BF0 /* Views */,
				4C702F88287F07FF00076BF0 /* DataManager */,
				4C702F8D287F07FF00076BF0 /* Model */,
				4C702F8F287F07FF00076BF0 /* ViewController */,
				4C702F8B287F07FF00076BF0 /* ViewModel */,
			);
			path = NewsListing;
			sourceTree = "<group>";
		};
		4C702F88287F07FF00076BF0 /* DataManager */ = {
			isa = PBXGroup;
			children = (
				4C702F89287F07FF00076BF0 /* NewsListingLocalDataManager.swift */,
				4C702F8A287F07FF00076BF0 /* NewsListingAPIDataManager.swift */,
			);
			path = DataManager;
			sourceTree = "<group>";
		};
		4C702F8B287F07FF00076BF0 /* ViewModel */ = {
			isa = PBXGroup;
			children = (
				4C702F8C287F07FF00076BF0 /* NewsListingViewModel.swift */,
			);
			path = ViewModel;
			sourceTree = "<group>";
		};
		4C702F8D287F07FF00076BF0 /* Model */ = {
			isa = PBXGroup;
			children = (
				4C702FB7287F0EBC00076BF0 /* APIResponse.swift */,
				4C702FB6287F0EBC00076BF0 /* NewsArticleData.swift */,
				4C702FB5287F0EBC00076BF0 /* SourceData.swift */,
				4C702F8E287F07FF00076BF0 /* NewsListingDependency.swift */,
			);
			path = Model;
			sourceTree = "<group>";
		};
		4C702F8F287F07FF00076BF0 /* ViewController */ = {
			isa = PBXGroup;
			children = (
				4C702F90287F07FF00076BF0 /* NewsListingVC.swift */,
				4C702F91287F07FF00076BF0 /* NewsListing.storyboard */,
			);
			path = ViewController;
			sourceTree = "<group>";
		};
		4C702F98287F080B00076BF0 /* NewsDetails */ = {
			isa = PBXGroup;
			children = (
				4C702FA8287F082C00076BF0 /* DataManager */,
				4C702FA1287F082C00076BF0 /* Model */,
				4C702FA5287F082C00076BF0 /* ViewController */,
				4C702FA3287F082C00076BF0 /* ViewModel */,
			);
			path = NewsDetails;
			sourceTree = "<group>";
		};
		4C702FA1287F082C00076BF0 /* Model */ = {
			isa = PBXGroup;
			children = (
				4C702FA2287F082C00076BF0 /* NewsDetailsDependency.swift */,
			);
			path = Model;
			sourceTree = "<group>";
		};
		4C702FA3287F082C00076BF0 /* ViewModel */ = {
			isa = PBXGroup;
			children = (
				4C702FA4287F082C00076BF0 /* NewsDetailsViewModel.swift */,
			);
			path = ViewModel;
			sourceTree = "<group>";
		};
		4C702FA5287F082C00076BF0 /* ViewController */ = {
			isa = PBXGroup;
			children = (
				4C702FA6287F082C00076BF0 /* NewsDetails.storyboard */,
				4C702FA7287F082C00076BF0 /* NewsDetailsVC.swift */,
			);
			path = ViewController;
			sourceTree = "<group>";
		};
		4C702FA8287F082C00076BF0 /* DataManager */ = {
			isa = PBXGroup;
			children = (
				4C702FA9287F082C00076BF0 /* NewsDetailsLocalDataManager.swift */,
				4C702FAA287F082C00076BF0 /* NewsDetailsAPIDataManager.swift */,
			);
			path = DataManager;
			sourceTree = "<group>";
		};
		4C702FBB287F16C700076BF0 /* Views */ = {
			isa = PBXGroup;
			children = (
				4C702FBE287F16EF00076BF0 /* NewsTVC.swift */,
			);
			path = Views;
			sourceTree = "<group>";
		};
/* End PBXGroup section */

/* Begin PBXNativeTarget section */
		4C702F60287E928800076BF0 /* NewsApp */ = {
			isa = PBXNativeTarget;
			buildConfigurationList = 4C702F78287E928900076BF0 /* Build configuration list for PBXNativeTarget "NewsApp" */;
			buildPhases = (
				4C702F5D287E928800076BF0 /* Sources */,
				4C702F5E287E928800076BF0 /* Frameworks */,
				4C702F5F287E928800076BF0 /* Resources */,
			);
			buildRules = (
			);
			dependencies = (
			);
			name = NewsApp;
			packageProductDependencies = (
				4C702FC5287F311A00076BF0 /* SDWebImage */,
			);
			productName = NewsApp;
			productReference = 4C702F61287E928800076BF0 /* NewsApp.app */;
			productType = "com.apple.product-type.application";
		};
/* End PBXNativeTarget section */

/* Begin PBXProject section */
		4C702F59287E928800076BF0 /* Project object */ = {
			isa = PBXProject;
			attributes = {
				BuildIndependentTargetsInParallel = 1;
				LastSwiftUpdateCheck = 1340;
				LastUpgradeCheck = 1340;
				TargetAttributes = {
					4C702F60287E928800076BF0 = {
						CreatedOnToolsVersion = 13.4.1;
					};
				};
			};
			buildConfigurationList = 4C702F5C287E928800076BF0 /* Build configuration list for PBXProject "NewsApp" */;
			compatibilityVersion = "Xcode 13.0";
			developmentRegion = en;
			hasScannedForEncodings = 0;
			knownRegions = (
				en,
				Base,
			);
			mainGroup = 4C702F58287E928800076BF0;
			packageReferences = (
				4C702FC4287F311A00076BF0 /* XCRemoteSwiftPackageReference "SDWebImage" */,
			);
			productRefGroup = 4C702F62287E928800076BF0 /* Products */;
			projectDirPath = "";
			projectRoot = "";
			targets = (
				4C702F60287E928800076BF0 /* NewsApp */,
			);
		};
/* End PBXProject section */

/* Begin PBXResourcesBuildPhase section */
		4C702F5F287E928800076BF0 /* Resources */ = {
			isa = PBXResourcesBuildPhase;
			buildActionMask = 2147483647;
			files = (
				4C702F97287F07FF00076BF0 /* NewsListing.storyboard in Resources */,
				4C702F74287E928900076BF0 /* LaunchScreen.storyboard in Resources */,
				4C702F71287E928900076BF0 /* Assets.xcassets in Resources */,
				4C702FAD287F082C00076BF0 /* NewsDetails.storyboard in Resources */,
			);
			runOnlyForDeploymentPostprocessing = 0;
		};
/* End PBXResourcesBuildPhase section */

/* Begin PBXSourcesBuildPhase section */
		4C702F5D287E928800076BF0 /* Sources */ = {
			isa = PBXSourcesBuildPhase;
			buildActionMask = 2147483647;
			files = (
				4C702F94287F07FF00076BF0 /* NewsListingViewModel.swift in Sources */,
				4C702FAE287F082C00076BF0 /* NewsDetailsVC.swift in Sources */,
				4C702F92287F07FF00076BF0 /* NewsListingLocalDataManager.swift in Sources */,
				4C702FB0287F082C00076BF0 /* NewsDetailsAPIDataManager.swift in Sources */,
				4C702FBF287F16EF00076BF0 /* NewsTVC.swift in Sources */,
				4C702F65287E928800076BF0 /* AppDelegate.swift in Sources */,
				4C702FAB287F082C00076BF0 /* NewsDetailsDependency.swift in Sources */,
				4C702FB8287F0EBC00076BF0 /* SourceData.swift in Sources */,
				4C702FB2287F099800076BF0 /* DatabaseManager.swift in Sources */,
				4C702F95287F07FF00076BF0 /* NewsListingDependency.swift in Sources */,
				4C702FC1287F223B00076BF0 /* UIViewHelper.swift in Sources */,
				4C702FAC287F082C00076BF0 /* NewsDetailsViewModel.swift in Sources */,
				4C702FBA287F0EBC00076BF0 /* APIResponse.swift in Sources */,
				4C702FAF287F082C00076BF0 /* NewsDetailsLocalDataManager.swift in Sources */,
				4C702FB9287F0EBC00076BF0 /* NewsArticleData.swift in Sources */,
				4C702F96287F07FF00076BF0 /* NewsListingVC.swift in Sources */,
				4C702F6F287E928800076BF0 /* NewsApp.xcdatamodeld in Sources */,
				4C702FC3287F2D5D00076BF0 /* Gradient.swift in Sources */,
				4C702FB4287F0BDC00076BF0 /* APIManager.swift in Sources */,
				4C702F93287F07FF00076BF0 /* NewsListingAPIDataManager.swift in Sources */,
				4C702F67287E928800076BF0 /* SceneDelegate.swift in Sources */,
			);
			runOnlyForDeploymentPostprocessing = 0;
		};
/* End PBXSourcesBuildPhase section */

/* Begin PBXVariantGroup section */
		4C702F72287E928900076BF0 /* LaunchScreen.storyboard */ = {
			isa = PBXVariantGroup;
			children = (
				4C702F73287E928900076BF0 /* Base */,
			);
			name = LaunchScreen.storyboard;
			sourceTree = "<group>";
		};
/* End PBXVariantGroup section */

/* Begin XCBuildConfiguration section */
		4C702F76287E928900076BF0 /* Debug */ = {
			isa = XCBuildConfiguration;
			buildSettings = {
				ALWAYS_SEARCH_USER_PATHS = NO;
				CLANG_ANALYZER_NONNULL = YES;
				CLANG_ANALYZER_NUMBER_OBJECT_CONVERSION = YES_AGGRESSIVE;
				CLANG_CXX_LANGUAGE_STANDARD = "gnu++17";
				CLANG_ENABLE_MODULES = YES;
				CLANG_ENABLE_OBJC_ARC = YES;
				CLANG_ENABLE_OBJC_WEAK = YES;
				CLANG_WARN_BLOCK_CAPTURE_AUTORELEASING = YES;
				CLANG_WARN_BOOL_CONVERSION = YES;
				CLANG_WARN_COMMA = YES;
				CLANG_WARN_CONSTANT_CONVERSION = YES;
				CLANG_WARN_DEPRECATED_OBJC_IMPLEMENTATIONS = YES;
				CLANG_WARN_DIRECT_OBJC_ISA_USAGE = YES_ERROR;
				CLANG_WARN_DOCUMENTATION_COMMENTS = YES;
				CLANG_WARN_EMPTY_BODY = YES;
				CLANG_WARN_ENUM_CONVERSION = YES;
				CLANG_WARN_INFINITE_RECURSION = YES;
				CLANG_WARN_INT_CONVERSION = YES;
				CLANG_WARN_NON_LITERAL_NULL_CONVERSION = YES;
				CLANG_WARN_OBJC_IMPLICIT_RETAIN_SELF = YES;
				CLANG_WARN_OBJC_LITERAL_CONVERSION = YES;
				CLANG_WARN_OBJC_ROOT_CLASS = YES_ERROR;
				CLANG_WARN_QUOTED_INCLUDE_IN_FRAMEWORK_HEADER = YES;
				CLANG_WARN_RANGE_LOOP_ANALYSIS = YES;
				CLANG_WARN_STRICT_PROTOTYPES = YES;
				CLANG_WARN_SUSPICIOUS_MOVE = YES;
				CLANG_WARN_UNGUARDED_AVAILABILITY = YES_AGGRESSIVE;
				CLANG_WARN_UNREACHABLE_CODE = YES;
				CLANG_WARN__DUPLICATE_METHOD_MATCH = YES;
				COPY_PHASE_STRIP = NO;
				DEBUG_INFORMATION_FORMAT = dwarf;
				ENABLE_STRICT_OBJC_MSGSEND = YES;
				ENABLE_TESTABILITY = YES;
				GCC_C_LANGUAGE_STANDARD = gnu11;
				GCC_DYNAMIC_NO_PIC = NO;
				GCC_NO_COMMON_BLOCKS = YES;
				GCC_OPTIMIZATION_LEVEL = 0;
				GCC_PREPROCESSOR_DEFINITIONS = (
					"DEBUG=1",
					"$(inherited)",
				);
				GCC_WARN_64_TO_32_BIT_CONVERSION = YES;
				GCC_WARN_ABOUT_RETURN_TYPE = YES_ERROR;
				GCC_WARN_UNDECLARED_SELECTOR = YES;
				GCC_WARN_UNINITIALIZED_AUTOS = YES_AGGRESSIVE;
				GCC_WARN_UNUSED_FUNCTION = YES;
				GCC_WARN_UNUSED_VARIABLE = YES;
				IPHONEOS_DEPLOYMENT_TARGET = 15.5;
				MTL_ENABLE_DEBUG_INFO = INCLUDE_SOURCE;
				MTL_FAST_MATH = YES;
				ONLY_ACTIVE_ARCH = YES;
				SDKROOT = iphoneos;
				SWIFT_ACTIVE_COMPILATION_CONDITIONS = DEBUG;
				SWIFT_OPTIMIZATION_LEVEL = "-Onone";
			};
			name = Debug;
		};
		4C702F77287E928900076BF0 /* Release */ = {
			isa = XCBuildConfiguration;
			buildSettings = {
				ALWAYS_SEARCH_USER_PATHS = NO;
				CLANG_ANALYZER_NONNULL = YES;
				CLANG_ANALYZER_NUMBER_OBJECT_CONVERSION = YES_AGGRESSIVE;
				CLANG_CXX_LANGUAGE_STANDARD = "gnu++17";
				CLANG_ENABLE_MODULES = YES;
				CLANG_ENABLE_OBJC_ARC = YES;
				CLANG_ENABLE_OBJC_WEAK = YES;
				CLANG_WARN_BLOCK_CAPTURE_AUTORELEASING = YES;
				CLANG_WARN_BOOL_CONVERSION = YES;
				CLANG_WARN_COMMA = YES;
				CLANG_WARN_CONSTANT_CONVERSION = YES;
				CLANG_WARN_DEPRECATED_OBJC_IMPLEMENTATIONS = YES;
				CLANG_WARN_DIRECT_OBJC_ISA_USAGE = YES_ERROR;
				CLANG_WARN_DOCUMENTATION_COMMENTS = YES;
				CLANG_WARN_EMPTY_BODY = YES;
				CLANG_WARN_ENUM_CONVERSION = YES;
				CLANG_WARN_INFINITE_RECURSION = YES;
				CLANG_WARN_INT_CONVERSION = YES;
				CLANG_WARN_NON_LITERAL_NULL_CONVERSION = YES;
				CLANG_WARN_OBJC_IMPLICIT_RETAIN_SELF = YES;
				CLANG_WARN_OBJC_LITERAL_CONVERSION = YES;
				CLANG_WARN_OBJC_ROOT_CLASS = YES_ERROR;
				CLANG_WARN_QUOTED_INCLUDE_IN_FRAMEWORK_HEADER = YES;
				CLANG_WARN_RANGE_LOOP_ANALYSIS = YES;
				CLANG_WARN_STRICT_PROTOTYPES = YES;
				CLANG_WARN_SUSPICIOUS_MOVE = YES;
				CLANG_WARN_UNGUARDED_AVAILABILITY = YES_AGGRESSIVE;
				CLANG_WARN_UNREACHABLE_CODE = YES;
				CLANG_WARN__DUPLICATE_METHOD_MATCH = YES;
				COPY_PHASE_STRIP = NO;
				DEBUG_INFORMATION_FORMAT = "dwarf-with-dsym";
				ENABLE_NS_ASSERTIONS = NO;
				ENABLE_STRICT_OBJC_MSGSEND = YES;
				GCC_C_LANGUAGE_STANDARD = gnu11;
				GCC_NO_COMMON_BLOCKS = YES;
				GCC_WARN_64_TO_32_BIT_CONVERSION = YES;
				GCC_WARN_ABOUT_RETURN_TYPE = YES_ERROR;
				GCC_WARN_UNDECLARED_SELECTOR = YES;
				GCC_WARN_UNINITIALIZED_AUTOS = YES_AGGRESSIVE;
				GCC_WARN_UNUSED_FUNCTION = YES;
				GCC_WARN_UNUSED_VARIABLE = YES;
				IPHONEOS_DEPLOYMENT_TARGET = 15.5;
				MTL_ENABLE_DEBUG_INFO = NO;
				MTL_FAST_MATH = YES;
				SDKROOT = iphoneos;
				SWIFT_COMPILATION_MODE = wholemodule;
				SWIFT_OPTIMIZATION_LEVEL = "-O";
				VALIDATE_PRODUCT = YES;
			};
			name = Release;
		};
		4C702F79287E928900076BF0 /* Debug */ = {
			isa = XCBuildConfiguration;
			buildSettings = {
				ASSETCATALOG_COMPILER_APPICON_NAME = AppIcon;
				ASSETCATALOG_COMPILER_GLOBAL_ACCENT_COLOR_NAME = AccentColor;
				CODE_SIGN_STYLE = Automatic;
				CURRENT_PROJECT_VERSION = 1;
				GENERATE_INFOPLIST_FILE = YES;
				INFOPLIST_FILE = NewsApp/Info.plist;
				INFOPLIST_KEY_UIApplicationSupportsIndirectInputEvents = YES;
				INFOPLIST_KEY_UILaunchStoryboardName = LaunchScreen;
				INFOPLIST_KEY_UIMainStoryboardFile = NewsListing;
				INFOPLIST_KEY_UISupportedInterfaceOrientations_iPad = "UIInterfaceOrientationPortrait UIInterfaceOrientationPortraitUpsideDown UIInterfaceOrientationLandscapeLeft UIInterfaceOrientationLandscapeRight";
				INFOPLIST_KEY_UISupportedInterfaceOrientations_iPhone = "UIInterfaceOrientationPortrait UIInterfaceOrientationLandscapeLeft UIInterfaceOrientationLandscapeRight";
				LD_RUNPATH_SEARCH_PATHS = (
					"$(inherited)",
					"@executable_path/Frameworks",
				);
				MARKETING_VERSION = 1.0;
				PRODUCT_BUNDLE_IDENTIFIER = com.aakash.NewsApp;
				PRODUCT_NAME = "$(TARGET_NAME)";
				SWIFT_EMIT_LOC_STRINGS = YES;
				SWIFT_VERSION = 5.0;
				TARGETED_DEVICE_FAMILY = "1,2";
			};
			name = Debug;
		};
		4C702F7A287E928900076BF0 /* Release */ = {
			isa = XCBuildConfiguration;
			buildSettings = {
				ASSETCATALOG_COMPILER_APPICON_NAME = AppIcon;
				ASSETCATALOG_COMPILER_GLOBAL_ACCENT_COLOR_NAME = AccentColor;
				CODE_SIGN_STYLE = Automatic;
				CURRENT_PROJECT_VERSION = 1;
				GENERATE_INFOPLIST_FILE = YES;
				INFOPLIST_FILE = NewsApp/Info.plist;
				INFOPLIST_KEY_UIApplicationSupportsIndirectInputEvents = YES;
				INFOPLIST_KEY_UILaunchStoryboardName = LaunchScreen;
				INFOPLIST_KEY_UIMainStoryboardFile = NewsListing;
				INFOPLIST_KEY_UISupportedInterfaceOrientations_iPad = "UIInterfaceOrientationPortrait UIInterfaceOrientationPortraitUpsideDown UIInterfaceOrientationLandscapeLeft UIInterfaceOrientationLandscapeRight";
				INFOPLIST_KEY_UISupportedInterfaceOrientations_iPhone = "UIInterfaceOrientationPortrait UIInterfaceOrientationLandscapeLeft UIInterfaceOrientationLandscapeRight";
				LD_RUNPATH_SEARCH_PATHS = (
					"$(inherited)",
					"@executable_path/Frameworks",
				);
				MARKETING_VERSION = 1.0;
				PRODUCT_BUNDLE_IDENTIFIER = com.aakash.NewsApp;
				PRODUCT_NAME = "$(TARGET_NAME)";
				SWIFT_EMIT_LOC_STRINGS = YES;
				SWIFT_VERSION = 5.0;
				TARGETED_DEVICE_FAMILY = "1,2";
			};
			name = Release;
		};
/* End XCBuildConfiguration section */

/* Begin XCConfigurationList section */
		4C702F5C287E928800076BF0 /* Build configuration list for PBXProject "NewsApp" */ = {
			isa = XCConfigurationList;
			buildConfigurations = (
				4C702F76287E928900076BF0 /* Debug */,
				4C702F77287E928900076BF0 /* Release */,
			);
			defaultConfigurationIsVisible = 0;
			defaultConfigurationName = Release;
		};
		4C702F78287E928900076BF0 /* Build configuration list for PBXNativeTarget "NewsApp" */ = {
			isa = XCConfigurationList;
			buildConfigurations = (
				4C702F79287E928900076BF0 /* Debug */,
				4C702F7A287E928900076BF0 /* Release */,
			);
			defaultConfigurationIsVisible = 0;
			defaultConfigurationName = Release;
		};
/* End XCConfigurationList section */

/* Begin XCRemoteSwiftPackageReference section */
		4C702FC4287F311A00076BF0 /* XCRemoteSwiftPackageReference "SDWebImage" */ = {
			isa = XCRemoteSwiftPackageReference;
			repositoryURL = "https://github.com/SDWebImage/SDWebImage.git";
			requirement = {
				branch = master;
				kind = branch;
			};
		};
/* End XCRemoteSwiftPackageReference section */

/* Begin XCSwiftPackageProductDependency section */
		4C702FC5287F311A00076BF0 /* SDWebImage */ = {
			isa = XCSwiftPackageProductDependency;
			package = 4C702FC4287F311A00076BF0 /* XCRemoteSwiftPackageReference "SDWebImage" */;
			productName = SDWebImage;
		};
/* End XCSwiftPackageProductDependency section */

/* Begin XCVersionGroup section */
		4C702F6D287E928800076BF0 /* NewsApp.xcdatamodeld */ = {
			isa = XCVersionGroup;
			children = (
				4C702F6E287E928800076BF0 /* NewsApp.xcdatamodel */,
			);
			currentVersion = 4C702F6E287E928800076BF0 /* NewsApp.xcdatamodel */;
			path = NewsApp.xcdatamodeld;
			sourceTree = "<group>";
			versionGroupType = wrapper.xcdatamodel;
		};
/* End XCVersionGroup section */
	};
	rootObject = 4C702F59287E928800076BF0 /* Project object */;
}
